
Microsoft Visual Studio Solution File, Format Version 12.00
# Visual Studio Version 17
VisualStudioVersion = 17.4.33403.182
MinimumVisualStudioVersion = 10.0.40219.1
Project("{FAE04EC0-301F-11D3-BF4B-00C04F79EFBC}") = "RestaurantManagementSystem", "RestaurantManagementSystem\RestaurantManagementSystem.csproj", "{84AA5C8F-4D48-4383-9F6D-72A2B0BC2748}"
EndProject
Global
	GlobalSection(SolutionConfigurationPlatforms) = preSolution
		Debug|Any CPU = Debug|Any CPU
		Release|Any CPU = Release|Any CPU
	EndGlobalSection
	GlobalSection(ProjectConfigurationPlatforms) = postSolution
		{84AA5C8F-4D48-4383-9F6D-72A2B0BC2748}.Debug|Any CPU.ActiveCfg = Debug|Any CPU
		{84AA5C8F-4D48-4383-9F6D-72A2B0BC2748}.Debug|Any CPU.Build.0 = Debug|Any CPU
		{84AA5C8F-4D48-4383-9F6D-72A2B0BC2748}.Release|Any CPU.ActiveCfg = Release|Any CPU
		{84AA5C8F-4D48-4383-9F6D-72A2B0BC2748}.Release|Any CPU.Build.0 = Release|Any CPU
	EndGlobalSection
	GlobalSection(SolutionProperties) = preSolution
		HideSolutionNode = FALSE
	EndGlobalSection
	GlobalSection(ExtensibilityGlobals) = postSolution
		SolutionGuid = {578C595D-FD07-4675-90D3-50643C021F6D}
	EndGlobalSection
EndGlobal
